<?xml version="1.0" encoding="utf-8"?>
<Project ToolsVersion="4.0" xmlns="http://schemas.microsoft.com/developer/msbuild/2003">
  <ItemGroup>
    <Filter Include="Source Files">
      <UniqueIdentifier>{a5fd1166-96c6-4339-8175-f75eaefd652d}</UniqueIdentifier>
      <Extensions>cpp;c;cxx;rc;def;r;odl;idl;hpj;bat</Extensions>
    </Filter>
    <Filter Include="Header Files">
      <UniqueIdentifier>{6245f949-032b-4146-8550-29f256dfd47f}</UniqueIdentifier>
      <Extensions>h;hpp;hxx;hm;inl</Extensions>
    </Filter>
    <Filter Include="Resource Files">
      <UniqueIdentifier>{af6f7f58-03b1-4790-bcb8-8c5722532fd8}</UniqueIdentifier>
      <Extensions>ico;cur;bmp;dlg;rc2;rct;bin;rgs;gif;jpg;jpeg;jpe</Extensions>
    </Filter>
    <Filter Include="Effects">
      <UniqueIdentifier>{51c3d8c8-9f88-4d7d-ae1b-b65b0a3b06b0}</UniqueIdentifier>
    </Filter>
    <Filter Include="Documentation">
      <UniqueIdentifier>{2feba7b8-f19a-42d9-a0b1-a87e66addcda}</UniqueIdentifier>
    </Filter>
  </ItemGroup>
  <ItemGroup>
    <ClCompile Include="sourceFiles\D3DApplication.cpp">
      <Filter>Source Files</Filter>
    </ClCompile>
    <ClCompile Include="sourceFiles\D3DCamera.cpp">
      <Filter>Source Files</Filter>
    </ClCompile>
    <ClCompile Include="sourceFiles\D3DObject.cpp">
      <Filter>Source Files</Filter>
    </ClCompile>
    <ClCompile Include="sourceFiles\DXGraphicsWinApp.cpp">
      <Filter>Source Files</Filter>
    </ClCompile>
    <ClCompile Include="sourceFiles\D3DTimer.cpp">
      <Filter>Source Files</Filter>
    </ClCompile>
  </ItemGroup>
  <ItemGroup>
    <ClInclude Include="sourceFiles\D3DApplication.h">
      <Filter>Header Files</Filter>
    </ClInclude>
    <ClInclude Include="sourceFiles\D3DCamera.h">
      <Filter>Header Files</Filter>
    </ClInclude>
    <ClInclude Include="sourceFiles\D3DObject.h">
      <Filter>Header Files</Filter>
    </ClInclude>
    <ClInclude Include="sourceFiles\D3DTimer.h">
      <Filter>Header Files</Filter>
    </ClInclude>
    <ClInclude Include="sourceFiles\Light.h">
      <Filter>Header Files</Filter>
    </ClInclude>
    <ClInclude Include="sourceFiles\d3dUtil.h">
      <Filter>Header Files</Filter>
    </ClInclude>
  </ItemGroup>
  <ItemGroup>
    <None Include="Effects\lighthelper.fx">
      <Filter>Effects</Filter>
    </None>
    <None Include="Effects\normalmap.fx">
      <Filter>Effects</Filter>
    </None>
    <None Include="UML.cd">
      <Filter>Documentation</Filter>
    </None>
    <None Include="..\Assignment.docx">
      <Filter>Documentation</Filter>
    </None>
    <None Include="..\BlockDiagramPipeline.vsd">
      <Filter>Documentation</Filter>
    </None>
    <None Include="..\ExamSheet.docx">
      <Filter>Documentation</Filter>
    </None>
  </ItemGroup>
</Project>